
Microsoft Visual Studio Solution File, Format Version 12.00
# Visual Studio Version 17
VisualStudioVersion = 17.4.33110.190
MinimumVisualStudioVersion = 10.0.40219.1
Project("{FAE04EC0-301F-11D3-BF4B-00C04F79EFBC}") = "ExpressionTrees", "ExpressionTrees\ExpressionTrees.csproj", "{3BBCD745-9693-41A5-A679-8DD9A2231DDA}"
EndProject
Global
	GlobalSection(SolutionConfigurationPlatforms) = preSolution
		Debug|Any CPU = Debug|Any CPU
		Release|Any CPU = Release|Any CPU
	EndGlobalSection
	GlobalSection(ProjectConfigurationPlatforms) = postSolution
		{3BBCD745-9693-41A5-A679-8DD9A2231DDA}.Debug|Any CPU.ActiveCfg = Debug|Any CPU
		{3BBCD745-9693-41A5-A679-8DD9A2231DDA}.Debug|Any CPU.Build.0 = Debug|Any CPU
		{3BBCD745-9693-41A5-A679-8DD9A2231DDA}.Release|Any CPU.ActiveCfg = Release|Any CPU
		{3BBCD745-9693-41A5-A679-8DD9A2231DDA}.Release|Any CPU.Build.0 = Release|Any CPU
	EndGlobalSection
	GlobalSection(SolutionProperties) = preSolution
		HideSolutionNode = FALSE
	EndGlobalSection
	GlobalSection(ExtensibilityGlobals) = postSolution
		SolutionGuid = {93BC466F-CC01-43C2-AF39-7FBD537AAA2D}
	EndGlobalSection
EndGlobal
